<?xml version="1.0" encoding="utf-8"?>
<Project ToolsVersion="4.0" xmlns="http://schemas.microsoft.com/developer/msbuild/2003">
  <ItemGroup>
    <Filter Include="Source Files">
      <UniqueIdentifier>{4FC737F1-C7A5-4376-A066-2A32D752A2FF}</UniqueIdentifier>
      <Extensions>cpp;c;cc;cxx;def;odl;idl;hpj;bat;asm;asmx</Extensions>
    </Filter>
    <Filter Include="Header Files">
      <UniqueIdentifier>{93995380-89BD-4b04-88EB-625FBE52EBFB}</UniqueIdentifier>
      <Extensions>h;hpp;hxx;hm;inl;inc;xsd</Extensions>
    </Filter>
    <Filter Include="Resource Files">
      <UniqueIdentifier>{67DA6AB6-F800-4c08-8B7A-83BB121AAD01}</UniqueIdentifier>
      <Extensions>rc;ico;cur;bmp;dlg;rc2;rct;bin;rgs;gif;jpg;jpeg;jpe;resx;tiff;tif;png;wav;mfcribbon-ms</Extensions>
    </Filter>
    <Filter Include="Driver Files">
      <UniqueIdentifier>{8E41214B-6785-4CFE-B992-037D68949A14}</UniqueIdentifier>
      <Extensions>inf;inv;inx;mof;mc;</Extensions>
    </Filter>
    <Filter Include="Header Files\CRT">
      <UniqueIdentifier>{c07143d3-9f2d-449c-895b-8d8d77cbdd8f}</UniqueIdentifier>
    </Filter>
    <Filter Include="Header Files\From">
      <UniqueIdentifier>{611dad42-9171-4066-992f-7022646d44c3}</UniqueIdentifier>
    </Filter>
  </ItemGroup>
  <ItemGroup>
    <ClCompile Include="Main.cc">
      <Filter>Source Files</Filter>
    </ClCompile>
    <ClCompile Include="IO_Control.cc">
      <Filter>Source Files</Filter>
    </ClCompile>
    <ClCompile Include="EmunProcess.cc">
      <Filter>Source Files</Filter>
    </ClCompile>
    <ClCompile Include="MemoryRW.cc">
      <Filter>Source Files</Filter>
    </ClCompile>
    <ClCompile Include="KernelModules.cc">
      <Filter>Source Files</Filter>
    </ClCompile>
    <ClCompile Include="Modules.cc">
      <Filter>Source Files</Filter>
    </ClCompile>
    <ClCompile Include="Threads.cc">
      <Filter>Source Files</Filter>
    </ClCompile>
    <ClCompile Include="Test.cc">
      <Filter>Source Files</Filter>
    </ClCompile>
    <ClCompile Include="MedusaPDBInfo.cc">
      <Filter>Source Files</Filter>
    </ClCompile>
    <ClCompile Include="CallBackScanner.cc">
      <Filter>Source Files</Filter>
    </ClCompile>
    <ClCompile Include="SSDT.cc">
      <Filter>Source Files</Filter>
    </ClCompile>
  </ItemGroup>
  <ItemGroup>
    <ClInclude Include="IO_Control.h">
      <Filter>Header Files</Filter>
    </ClInclude>
    <ClInclude Include="EmunProcess.h">
      <Filter>Header Files</Filter>
    </ClInclude>
    <ClInclude Include="CRT\NativeEnums.h">
      <Filter>Header Files\CRT</Filter>
    </ClInclude>
    <ClInclude Include="CRT\NtSysAPI_Func.hpp">
      <Filter>Header Files\CRT</Filter>
    </ClInclude>
    <ClInclude Include="CRT\PEStructs.h">
      <Filter>Header Files\CRT</Filter>
    </ClInclude>
    <ClInclude Include="MemoryRW.h">
      <Filter>Header Files</Filter>
    </ClInclude>
    <ClInclude Include="KernelModules.h">
      <Filter>Header Files</Filter>
    </ClInclude>
    <ClInclude Include="Modules.h">
      <Filter>Header Files</Filter>
    </ClInclude>
    <ClInclude Include="Threads.h">
      <Filter>Header Files</Filter>
    </ClInclude>
    <ClInclude Include="Test.h">
      <Filter>Header Files</Filter>
    </ClInclude>
    <ClInclude Include="cleaner.h">
      <Filter>Header Files</Filter>
    </ClInclude>
    <ClInclude Include="MedusaPDBInfo.h">
      <Filter>Header Files</Filter>
    </ClInclude>
    <ClInclude Include="DLLInjectShellCode.h">
      <Filter>Header Files</Filter>
    </ClInclude>
    <ClInclude Include="CallBackScanner.h">
      <Filter>Header Files</Filter>
    </ClInclude>
    <ClInclude Include="SSDT.h">
      <Filter>Header Files</Filter>
    </ClInclude>
  </ItemGroup>
</Project>