<?xml version="1.0" encoding="utf-8"?>
<Project ToolsVersion="4.0" xmlns="http://schemas.microsoft.com/developer/msbuild/2003">
  <ItemGroup>
    <Filter Include="Source Files">
      <UniqueIdentifier>{4FC737F1-C7A5-4376-A066-2A32D752A2FF}</UniqueIdentifier>
      <Extensions>qml;cpp;c;cc;cxx;def;odl;idl;hpj;bat;asm;asmx</Extensions>
    </Filter>
    <Filter Include="Header Files">
      <UniqueIdentifier>{93995380-89BD-4b04-88EB-625FBE52EBFB}</UniqueIdentifier>
      <Extensions>h;hh;hpp;hxx;hm;inl;inc;xsd</Extensions>
    </Filter>
    <Filter Include="Resource Files">
      <UniqueIdentifier>{67DA6AB6-F800-4c08-8B7A-83BB121AAD01}</UniqueIdentifier>
      <Extensions>qrc;rc;ico;cur;bmp;dlg;rc2;rct;bin;rgs;gif;jpg;jpeg;jpe;resx;tiff;tif;png;wav;mfcribbon-ms</Extensions>
    </Filter>
    <Filter Include="Form Files">
      <UniqueIdentifier>{99349809-55BA-4b9d-BF79-8FDBB0286EB3}</UniqueIdentifier>
      <Extensions>ui</Extensions>
    </Filter>
    <Filter Include="Translation Files">
      <UniqueIdentifier>{639EADAA-A684-42e4-A9AD-28FC9BCB8F7C}</UniqueIdentifier>
      <Extensions>ts</Extensions>
    </Filter>
    <Filter Include="Header Files\Driver_Load">
      <UniqueIdentifier>{ebc76789-a295-45e7-8c8d-3c0c5aa1a438}</UniqueIdentifier>
    </Filter>
    <Filter Include="Header Files\libpeconv">
      <UniqueIdentifier>{0afe83bd-6701-40d9-9e50-7f53611abc5f}</UniqueIdentifier>
    </Filter>
    <Filter Include="Header Files\EzPdb">
      <UniqueIdentifier>{d4e90fcb-fc70-4376-ae7e-85d9b11cc21b}</UniqueIdentifier>
    </Filter>
  </ItemGroup>
  <ItemGroup>
    <QtRcc Include="Medusa.qrc">
      <Filter>Resource Files</Filter>
    </QtRcc>
    <QtMoc Include="Medusa.h">
      <Filter>Header Files</Filter>
    </QtMoc>
    <ClCompile Include="Medusa.cpp">
      <Filter>Source Files</Filter>
    </ClCompile>
  </ItemGroup>
  <ItemGroup>
    <ClCompile Include="main.cpp">
      <Filter>Source Files</Filter>
    </ClCompile>
    <ClCompile Include="Process.cc">
      <Filter>Source Files</Filter>
    </ClCompile>
    <ClCompile Include="Driver_Load.cc">
      <Filter>Header Files\Driver_Load</Filter>
    </ClCompile>
    <ClCompile Include="FileCheck.cc">
      <Filter>Source Files</Filter>
    </ClCompile>
    <ClCompile Include="libpeconv\buffer_util.cpp">
      <Filter>Header Files\libpeconv</Filter>
    </ClCompile>
    <ClCompile Include="libpeconv\caves.cpp">
      <Filter>Header Files\libpeconv</Filter>
    </ClCompile>
    <ClCompile Include="libpeconv\delayed_imports_loader.cpp">
      <Filter>Header Files\libpeconv</Filter>
    </ClCompile>
    <ClCompile Include="libpeconv\exceptions_parser.cpp">
      <Filter>Header Files\libpeconv</Filter>
    </ClCompile>
    <ClCompile Include="libpeconv\exported_func.cpp">
      <Filter>Header Files\libpeconv</Filter>
    </ClCompile>
    <ClCompile Include="libpeconv\exports_lookup.cpp">
      <Filter>Header Files\libpeconv</Filter>
    </ClCompile>
    <ClCompile Include="libpeconv\exports_mapper.cpp">
      <Filter>Header Files\libpeconv</Filter>
    </ClCompile>
    <ClCompile Include="libpeconv\file_util.cpp">
      <Filter>Header Files\libpeconv</Filter>
    </ClCompile>
    <ClCompile Include="libpeconv\find_base.cpp">
      <Filter>Header Files\libpeconv</Filter>
    </ClCompile>
    <ClCompile Include="libpeconv\fix_dot_net_ep.cpp">
      <Filter>Header Files\libpeconv</Filter>
    </ClCompile>
    <ClCompile Include="libpeconv\fix_imports.cpp">
      <Filter>Header Files\libpeconv</Filter>
    </ClCompile>
    <ClCompile Include="libpeconv\function_resolver.cpp">
      <Filter>Header Files\libpeconv</Filter>
    </ClCompile>
    <ClCompile Include="libpeconv\hooks.cpp">
      <Filter>Header Files\libpeconv</Filter>
    </ClCompile>
    <ClCompile Include="libpeconv\imports_loader.cpp">
      <Filter>Header Files\libpeconv</Filter>
    </ClCompile>
    <ClCompile Include="libpeconv\imports_uneraser.cpp">
      <Filter>Header Files\libpeconv</Filter>
    </ClCompile>
    <ClCompile Include="libpeconv\load_config_util.cpp">
      <Filter>Header Files\libpeconv</Filter>
    </ClCompile>
    <ClCompile Include="libpeconv\pe_dumper.cpp">
      <Filter>Header Files\libpeconv</Filter>
    </ClCompile>
    <ClCompile Include="libpeconv\pe_hdrs_helper.cpp">
      <Filter>Header Files\libpeconv</Filter>
    </ClCompile>
    <ClCompile Include="libpeconv\pe_loader.cpp">
      <Filter>Header Files\libpeconv</Filter>
    </ClCompile>
    <ClCompile Include="libpeconv\pe_mode_detector.cpp">
      <Filter>Header Files\libpeconv</Filter>
    </ClCompile>
    <ClCompile Include="libpeconv\pe_raw_to_virtual.cpp">
      <Filter>Header Files\libpeconv</Filter>
    </ClCompile>
    <ClCompile Include="libpeconv\pe_virtual_to_raw.cpp">
      <Filter>Header Files\libpeconv</Filter>
    </ClCompile>
    <ClCompile Include="libpeconv\peb_lookup.cpp">
      <Filter>Header Files\libpeconv</Filter>
    </ClCompile>
    <ClCompile Include="libpeconv\relocate.cpp">
      <Filter>Header Files\libpeconv</Filter>
    </ClCompile>
    <ClCompile Include="libpeconv\remote_pe_reader.cpp">
      <Filter>Header Files\libpeconv</Filter>
    </ClCompile>
    <ClCompile Include="libpeconv\resource_parser.cpp">
      <Filter>Header Files\libpeconv</Filter>
    </ClCompile>
    <ClCompile Include="libpeconv\resource_util.cpp">
      <Filter>Header Files\libpeconv</Filter>
    </ClCompile>
    <ClCompile Include="libpeconv\tls_parser.cpp">
      <Filter>Header Files\libpeconv</Filter>
    </ClCompile>
    <ClCompile Include="libpeconv\util.cpp">
      <Filter>Header Files\libpeconv</Filter>
    </ClCompile>
    <ClCompile Include="HookScanner.cc">
      <Filter>Source Files</Filter>
    </ClCompile>
    <ClCompile Include="Modules.cc">
      <Filter>Source Files</Filter>
    </ClCompile>
    <ClCompile Include="Threads.cc">
      <Filter>Source Files</Filter>
    </ClCompile>
    <ClCompile Include="Hypervisor.cc">
      <Filter>Source Files</Filter>
    </ClCompile>
    <ClCompile Include="DLLInject.cc">
      <Filter>Source Files</Filter>
    </ClCompile>
    <ClCompile Include="KernelModules.cc">
      <Filter>Source Files</Filter>
    </ClCompile>
    <ClCompile Include="EzPdb\EzPdb.cpp">
      <Filter>Header Files\EzPdb</Filter>
    </ClCompile>
    <ClCompile Include="PDBInfo.cc">
      <Filter>Source Files</Filter>
    </ClCompile>
    <ClCompile Include="PDBView.cc">
      <Filter>Source Files</Filter>
    </ClCompile>
  </ItemGroup>
  <ItemGroup>
    <ClInclude Include="Process.h">
      <Filter>Header Files</Filter>
    </ClInclude>
    <ClInclude Include="ntdll.h">
      <Filter>Header Files</Filter>
    </ClInclude>
    <ClInclude Include="ntstatus.h">
      <Filter>Header Files</Filter>
    </ClInclude>
    <ClInclude Include="Driver_Load.h">
      <Filter>Header Files\Driver_Load</Filter>
    </ClInclude>
    <ClInclude Include="FileCheck.h">
      <Filter>Header Files</Filter>
    </ClInclude>
    <ClInclude Include="libpeconv\fix_dot_net_ep.h">
      <Filter>Header Files\libpeconv</Filter>
    </ClInclude>
    <ClInclude Include="libpeconv\ntddk.h">
      <Filter>Header Files\libpeconv</Filter>
    </ClInclude>
    <ClInclude Include="libpeconv\peconv.h">
      <Filter>Header Files\libpeconv</Filter>
    </ClInclude>
    <ClInclude Include="Hypervisor.h">
      <Filter>Header Files</Filter>
    </ClInclude>
    <ClInclude Include="DLLInject.h">
      <Filter>Header Files</Filter>
    </ClInclude>
    <ClInclude Include="KernelModules.h">
      <Filter>Header Files</Filter>
    </ClInclude>
    <ClInclude Include="EzPdb\EzPdb.h">
      <Filter>Header Files\EzPdb</Filter>
    </ClInclude>
    <ClInclude Include="PDBInfo.h">
      <Filter>Header Files</Filter>
    </ClInclude>
    <ClInclude Include="DLLInjectShellCode.h">
      <Filter>Header Files</Filter>
    </ClInclude>
  </ItemGroup>
  <ItemGroup>
    <None Include="SysCall.asm">
      <Filter>Source Files</Filter>
    </None>
  </ItemGroup>
  <ItemGroup>
    <QtUic Include="Medusa.ui">
      <Filter>Form Files</Filter>
    </QtUic>
    <QtUic Include="HookScanner.ui">
      <Filter>Form Files</Filter>
    </QtUic>
    <QtUic Include="Modules.ui">
      <Filter>Form Files</Filter>
    </QtUic>
    <QtUic Include="Threads.ui">
      <Filter>Form Files</Filter>
    </QtUic>
    <QtUic Include="PDBView.ui">
      <Filter>Form Files</Filter>
    </QtUic>
    <QtUic Include="StackWalk.ui">
      <Filter>Form Files</Filter>
    </QtUic>
  </ItemGroup>
  <ItemGroup>
    <QtMoc Include="HookScanner.h">
      <Filter>Header Files</Filter>
    </QtMoc>
    <QtMoc Include="Modules.h">
      <Filter>Header Files</Filter>
    </QtMoc>
    <QtMoc Include="Threads.h">
      <Filter>Header Files</Filter>
    </QtMoc>
    <QtMoc Include="PDBView.h">
      <Filter>Header Files</Filter>
    </QtMoc>
  </ItemGroup>
  <ItemGroup>
    <MASM Include="asm64.asm">
      <Filter>Source Files</Filter>
    </MASM>
  </ItemGroup>
</Project>